{
  "version": 4,
  "terraform_version": "1.9.7",
  "serial": 148,
  "lineage": "2dba3acd-3d41-e300-d7ae-938e37b9b92f",
  "outputs": {},
  "resources": [
    {
      "mode": "managed",
      "type": "aws_s3_bucket",
      "name": "fraud_data",
      "provider": "provider[\"registry.terraform.io/hashicorp/aws\"]",
      "instances": [
        {
          "schema_version": 0,
          "attributes": {
            "acceleration_status": "",
            "acl": "private",
            "arn": "arn:aws:s3:::fraud-detection-data-kartik",
            "bucket": "fraud-detection-data-kartik",
            "bucket_domain_name": "fraud-detection-data-kartik.s3.amazonaws.com",
            "bucket_prefix": "",
            "bucket_regional_domain_name": "fraud-detection-data-kartik.s3.ca-central-1.amazonaws.com",
            "cors_rule": [],
            "force_destroy": false,
            "grant": [
              {
                "id": "edd1c0c1be97cf3c65610da40701dfe0dcdd3b890515aac67b179909fa85868b",
                "permissions": [
                  "FULL_CONTROL"
                ],
                "type": "CanonicalUser",
                "uri": ""
              }
            ],
            "hosted_zone_id": "Z1QDHH18159H29",
            "id": "fraud-detection-data-kartik",
            "lifecycle_rule": [],
            "logging": [],
            "object_lock_configuration": [],
            "object_lock_enabled": false,
            "policy": "{\"Statement\":[{\"Action\":\"s3:*\",\"Condition\":{\"Bool\":{\"aws:SecureTransport\":\"false\"}},\"Effect\":\"Deny\",\"Principal\":\"*\",\"Resource\":[\"arn:aws:s3:::fraud-detection-data-kartik/*\",\"arn:aws:s3:::fraud-detection-data-kartik\"]},{\"Action\":[\"s3:Get*\",\"s3:Put*\"],\"Effect\":\"Allow\",\"Principal\":{\"AWS\":\"arn:aws:iam::279754971650:role/lambda_execution_role\"},\"Resource\":\"arn:aws:s3:::fraud-detection-data-kartik/*\"}],\"Version\":\"2012-10-17\"}",
            "region": "ca-central-1",
            "replication_configuration": [],
            "request_payer": "BucketOwner",
            "server_side_encryption_configuration": [
              {
                "rule": [
                  {
                    "apply_server_side_encryption_by_default": [
                      {
                        "kms_master_key_id": "",
                        "sse_algorithm": "AES256"
                      }
                    ],
                    "bucket_key_enabled": false
                  }
                ]
              }
            ],
            "tags": {},
            "tags_all": {},
            "timeouts": null,
            "versioning": [
              {
                "enabled": false,
                "mfa_delete": false
              }
            ],
            "website": [],
            "website_domain": null,
            "website_endpoint": null
          },
          "sensitive_attributes": [],
          "private": "eyJlMmJmYjczMC1lY2FhLTExZTYtOGY4OC0zNDM2M2JjN2M0YzAiOnsiY3JlYXRlIjoxMjAwMDAwMDAwMDAwLCJkZWxldGUiOjM2MDAwMDAwMDAwMDAsInJlYWQiOjEyMDAwMDAwMDAwMDAsInVwZGF0ZSI6MTIwMDAwMDAwMDAwMH19"
        }
      ]
    }
  ],
  "check_results": null
}
